
Microsoft Visual Studio Solution File, Format Version 12.00
# Visual Studio Version 16
VisualStudioVersion = 16.0.30002.166
MinimumVisualStudioVersion = 10.0.40219.1
Project("{9A19103F-16F7-4668-BE54-9A1E7A4F7556}") = "DesignPattern", "DesignPattern\DesignPattern.csproj", "{AF17DFC1-C632-4E56-849B-A2D3BC8DA838}"
EndProject
Project("{2150E333-8FDC-42A3-9474-1A3956D46DE8}") = "Collection", "Collection", "{D2E8B67C-75DC-4B74-B3D8-1A39B88BDBD2}"
	ProjectSection(SolutionItems) = preProject
		Collection\choosing-collections-table.png = Collection\choosing-collections-table.png
		Collection\choosing-collections-tree.png = Collection\choosing-collections-tree.png
	EndProjectSection
EndProject
Project("{FAE04EC0-301F-11D3-BF4B-00C04F79EFBC}") = "Emit", "Emit\Emit.csproj", "{8BBAC57D-8A65-462E-8697-45761BBBF965}"
EndProject
Project("{2150E333-8FDC-42A3-9474-1A3956D46DE8}") = "MVC5_Project", "MVC5_Project", "{155EC608-2938-4834-9E24-8B5022884120}"
EndProject
Project("{9A19103F-16F7-4668-BE54-9A1E7A4F7556}") = "LeetCode", "LeetCode\LeetCode.csproj", "{287AC3DE-5757-4BBA-9620-A5E81443E0AF}"
EndProject
Project("{2150E333-8FDC-42A3-9474-1A3956D46DE8}") = "AOP", "AOP", "{8E790D1C-7697-4E65-A93A-3C887C2B6C37}"
EndProject
Project("{2150E333-8FDC-42A3-9474-1A3956D46DE8}") = "AsyncTask", "AsyncTask", "{9B70E716-B1FC-4D2E-8536-98EE63699480}"
EndProject
Project("{2150E333-8FDC-42A3-9474-1A3956D46DE8}") = "Docker", "Docker", "{742E3A55-2785-4C02-8D81-D2C1A786F264}"
EndProject
Project("{2150E333-8FDC-42A3-9474-1A3956D46DE8}") = "docker-compose_api_mssql", "docker-compose_api_mssql", "{3A0B7AA7-4373-4AC9-BADF-ECFDD63CDD73}"
	ProjectSection(SolutionItems) = preProject
		Docker\docker-compose_api_mssql\docker-compose.yml = Docker\docker-compose_api_mssql\docker-compose.yml
		Docker\docker-compose_api_mssql\Dockerfile = Docker\docker-compose_api_mssql\Dockerfile
		Docker\docker-compose_api_mssql\README.MD = Docker\docker-compose_api_mssql\README.MD
	EndProjectSection
EndProject
Project("{2150E333-8FDC-42A3-9474-1A3956D46DE8}") = "TestDB", "TestDB", "{B474AE33-8447-4992-8EFB-5FFC32C30142}"
	ProjectSection(SolutionItems) = preProject
		Docker\docker-compose_api_mssql\TestDB\Dockerfile = Docker\docker-compose_api_mssql\TestDB\Dockerfile
	EndProjectSection
EndProject
Project("{2150E333-8FDC-42A3-9474-1A3956D46DE8}") = "data", "data", "{75511974-0DB9-4512-9006-D57CA7BC0842}"
	ProjectSection(SolutionItems) = preProject
		Docker\docker-compose_api_mssql\TestDB\data\entrypoint.sh = Docker\docker-compose_api_mssql\TestDB\data\entrypoint.sh
		Docker\docker-compose_api_mssql\TestDB\data\restoreDB.sql = Docker\docker-compose_api_mssql\TestDB\data\restoreDB.sql
		Docker\docker-compose_api_mssql\TestDB\data\testDB.bak = Docker\docker-compose_api_mssql\TestDB\data\testDB.bak
	EndProjectSection
EndProject
Project("{2150E333-8FDC-42A3-9474-1A3956D46DE8}") = "RabbitMQ", "RabbitMQ", "{738307A3-4F68-4533-B20B-20BFFBF740B2}"
	ProjectSection(SolutionItems) = preProject
		RabbitMQ\docker-compose.yml = RabbitMQ\docker-compose.yml
	EndProjectSection
EndProject
Project("{FAE04EC0-301F-11D3-BF4B-00C04F79EFBC}") = "切片上傳檔案", "MVC5_Project\切片上傳檔案\切片上傳檔案.csproj", "{398E9508-4EFD-4FD2-993B-AE6C6DB83B23}"
EndProject
Project("{9A19103F-16F7-4668-BE54-9A1E7A4F7556}") = "批次呼叫API", "批次呼叫API\批次呼叫API.csproj", "{C9060DA2-9B96-4540-BF92-D3062143E51F}"
EndProject
Project("{9A19103F-16F7-4668-BE54-9A1E7A4F7556}") = "CancellationTokenSourceAPI", "AsyncTask\CancellationTokenSourceAPI\CancellationTokenSourceAPI.csproj", "{88CD49FD-603A-4401-830B-6215A7F09FEF}"
EndProject
Project("{9A19103F-16F7-4668-BE54-9A1E7A4F7556}") = "Common", "AsyncTask\Common\Common.csproj", "{D5149BB8-07D9-4DAC-B504-6B4406C2AEC5}"
EndProject
Project("{9A19103F-16F7-4668-BE54-9A1E7A4F7556}") = "TaskAPI", "AsyncTask\TaskAPI\TaskAPI.csproj", "{3A4014BA-86FA-4611-BAD9-888A8B48127B}"
EndProject
Project("{9A19103F-16F7-4668-BE54-9A1E7A4F7556}") = "Core.Entity", "Docker\docker-compose_api_mssql\Core.Entity\Core.Entity.csproj", "{FA15B36D-B38F-4E7B-8727-EC844EC4C8F6}"
EndProject
Project("{9A19103F-16F7-4668-BE54-9A1E7A4F7556}") = "docker-compose_api_mssql", "Docker\docker-compose_api_mssql\docker-compose_api_mssql\docker-compose_api_mssql.csproj", "{49EFE6BC-1302-455A-A1D0-A726CBF4056F}"
EndProject
Project("{FAE04EC0-301F-11D3-BF4B-00C04F79EFBC}") = "AOP", "AOP\AOP\AOP.csproj", "{8D47066C-4E26-4D22-A532-261606863144}"
EndProject
Project("{9A19103F-16F7-4668-BE54-9A1E7A4F7556}") = "Dictionary", "Collection\Dictionary\Dictionary.csproj", "{6069D71E-E5BE-4EB2-9AA4-E4BE6EC65869}"
EndProject
Project("{FAE04EC0-301F-11D3-BF4B-00C04F79EFBC}") = "EmitAOP", "AOP\EmitAOP\EmitAOP.csproj", "{93E6664E-0E5C-4153-8B40-8B8C468DA597}"
EndProject
Project("{9A19103F-16F7-4668-BE54-9A1E7A4F7556}") = "RabbitmqClient", "RabbitMQ\RabbitmqClient\RabbitmqClient.csproj", "{21239355-471F-43C5-B4C0-0CB51693BD5F}"
EndProject
Project("{9A19103F-16F7-4668-BE54-9A1E7A4F7556}") = "RabbitmqTest", "RabbitMQ\RabbitmqTest\RabbitmqTest.csproj", "{D08C2DA2-1564-4B1D-9889-EB10B521F8DF}"
EndProject
Project("{2150E333-8FDC-42A3-9474-1A3956D46DE8}") = "IFrameSSOTest", "IFrameSSOTest", "{7E4A8D6B-3493-42D7-B442-9A5AABDD86FF}"
	ProjectSection(SolutionItems) = preProject
		MVC5_Project\IFrameSSO\README.MD = MVC5_Project\IFrameSSO\README.MD
	EndProjectSection
EndProject
Project("{FAE04EC0-301F-11D3-BF4B-00C04F79EFBC}") = "IFrameTestClient", "MVC5_Project\IFrameSSO\IFrameTestClient\IFrameTestClient\IFrameTestClient.csproj", "{61BEAB57-E5D2-469C-BC33-598D94459783}"
EndProject
Project("{FAE04EC0-301F-11D3-BF4B-00C04F79EFBC}") = "IFrameTestServer", "MVC5_Project\IFrameSSO\IFrameTestServer\IFrameTestServer\IFrameTestServer.csproj", "{FF38DC14-B7AE-473C-9A01-3789FE4FC81A}"
EndProject
Project("{2150E333-8FDC-42A3-9474-1A3956D46DE8}") = "Kubernetes", "Kubernetes", "{6DEDC779-8A13-4F39-9E92-F91EE82AECF9}"
	ProjectSection(SolutionItems) = preProject
		Kubernetes\Dockerfile = Kubernetes\Dockerfile
		Kubernetes\k8sSample.yml = Kubernetes\k8sSample.yml
	EndProjectSection
EndProject
Project("{9A19103F-16F7-4668-BE54-9A1E7A4F7556}") = "K8S_Sample", "Kubernetes\K8S_Sample\K8S_Sample.csproj", "{751EC7F0-7C7E-473A-9F1F-E79E6B9F2AD3}"
EndProject
Project("{FAE04EC0-301F-11D3-BF4B-00C04F79EFBC}") = "CallAPITest", "CallAPITest\CallAPITest.csproj", "{DBE39453-F664-4A98-9F62-236ACF557AB7}"
EndProject
Project("{FAE04EC0-301F-11D3-BF4B-00C04F79EFBC}") = "Algorithm", "Algorithm\Algorithm.csproj", "{606891D9-38E9-4A62-9290-053D3B902F08}"
EndProject
Project("{9A19103F-16F7-4668-BE54-9A1E7A4F7556}") = "CommonClassLibary", "CommonClassLibary\CommonClassLibary.csproj", "{9391418C-2ECD-4297-8204-EEBCEA3C8F9B}"
EndProject
Project("{FAE04EC0-301F-11D3-BF4B-00C04F79EFBC}") = "AppleOauth", "AppleOauth\AppleOauth.csproj", "{8B9592D4-B04D-4705-B92E-5E3769C69A78}"
EndProject
Project("{FAE04EC0-301F-11D3-BF4B-00C04F79EFBC}") = "EventWaitHandleAPI", "EventWaitHandleAPI\EventWaitHandleAPI.csproj", "{47D444F5-C824-4124-B58E-55D1222DB914}"
EndProject
Global
	GlobalSection(SolutionConfigurationPlatforms) = preSolution
		Debug|Any CPU = Debug|Any CPU
		Release|Any CPU = Release|Any CPU
	EndGlobalSection
	GlobalSection(ProjectConfigurationPlatforms) = postSolution
		{AF17DFC1-C632-4E56-849B-A2D3BC8DA838}.Debug|Any CPU.ActiveCfg = Debug|Any CPU
		{AF17DFC1-C632-4E56-849B-A2D3BC8DA838}.Debug|Any CPU.Build.0 = Debug|Any CPU
		{AF17DFC1-C632-4E56-849B-A2D3BC8DA838}.Release|Any CPU.ActiveCfg = Release|Any CPU
		{AF17DFC1-C632-4E56-849B-A2D3BC8DA838}.Release|Any CPU.Build.0 = Release|Any CPU
		{8BBAC57D-8A65-462E-8697-45761BBBF965}.Debug|Any CPU.ActiveCfg = Debug|Any CPU
		{8BBAC57D-8A65-462E-8697-45761BBBF965}.Debug|Any CPU.Build.0 = Debug|Any CPU
		{8BBAC57D-8A65-462E-8697-45761BBBF965}.Release|Any CPU.ActiveCfg = Release|Any CPU
		{8BBAC57D-8A65-462E-8697-45761BBBF965}.Release|Any CPU.Build.0 = Release|Any CPU
		{287AC3DE-5757-4BBA-9620-A5E81443E0AF}.Debug|Any CPU.ActiveCfg = Debug|Any CPU
		{287AC3DE-5757-4BBA-9620-A5E81443E0AF}.Debug|Any CPU.Build.0 = Debug|Any CPU
		{287AC3DE-5757-4BBA-9620-A5E81443E0AF}.Release|Any CPU.ActiveCfg = Release|Any CPU
		{287AC3DE-5757-4BBA-9620-A5E81443E0AF}.Release|Any CPU.Build.0 = Release|Any CPU
		{398E9508-4EFD-4FD2-993B-AE6C6DB83B23}.Debug|Any CPU.ActiveCfg = Debug|Any CPU
		{398E9508-4EFD-4FD2-993B-AE6C6DB83B23}.Debug|Any CPU.Build.0 = Debug|Any CPU
		{398E9508-4EFD-4FD2-993B-AE6C6DB83B23}.Release|Any CPU.ActiveCfg = Release|Any CPU
		{398E9508-4EFD-4FD2-993B-AE6C6DB83B23}.Release|Any CPU.Build.0 = Release|Any CPU
		{C9060DA2-9B96-4540-BF92-D3062143E51F}.Debug|Any CPU.ActiveCfg = Debug|Any CPU
		{C9060DA2-9B96-4540-BF92-D3062143E51F}.Debug|Any CPU.Build.0 = Debug|Any CPU
		{C9060DA2-9B96-4540-BF92-D3062143E51F}.Release|Any CPU.ActiveCfg = Release|Any CPU
		{C9060DA2-9B96-4540-BF92-D3062143E51F}.Release|Any CPU.Build.0 = Release|Any CPU
		{88CD49FD-603A-4401-830B-6215A7F09FEF}.Debug|Any CPU.ActiveCfg = Debug|Any CPU
		{88CD49FD-603A-4401-830B-6215A7F09FEF}.Debug|Any CPU.Build.0 = Debug|Any CPU
		{88CD49FD-603A-4401-830B-6215A7F09FEF}.Release|Any CPU.ActiveCfg = Release|Any CPU
		{88CD49FD-603A-4401-830B-6215A7F09FEF}.Release|Any CPU.Build.0 = Release|Any CPU
		{D5149BB8-07D9-4DAC-B504-6B4406C2AEC5}.Debug|Any CPU.ActiveCfg = Debug|Any CPU
		{D5149BB8-07D9-4DAC-B504-6B4406C2AEC5}.Debug|Any CPU.Build.0 = Debug|Any CPU
		{D5149BB8-07D9-4DAC-B504-6B4406C2AEC5}.Release|Any CPU.ActiveCfg = Release|Any CPU
		{D5149BB8-07D9-4DAC-B504-6B4406C2AEC5}.Release|Any CPU.Build.0 = Release|Any CPU
		{3A4014BA-86FA-4611-BAD9-888A8B48127B}.Debug|Any CPU.ActiveCfg = Debug|Any CPU
		{3A4014BA-86FA-4611-BAD9-888A8B48127B}.Debug|Any CPU.Build.0 = Debug|Any CPU
		{3A4014BA-86FA-4611-BAD9-888A8B48127B}.Release|Any CPU.ActiveCfg = Release|Any CPU
		{3A4014BA-86FA-4611-BAD9-888A8B48127B}.Release|Any CPU.Build.0 = Release|Any CPU
		{FA15B36D-B38F-4E7B-8727-EC844EC4C8F6}.Debug|Any CPU.ActiveCfg = Debug|Any CPU
		{FA15B36D-B38F-4E7B-8727-EC844EC4C8F6}.Debug|Any CPU.Build.0 = Debug|Any CPU
		{FA15B36D-B38F-4E7B-8727-EC844EC4C8F6}.Release|Any CPU.ActiveCfg = Release|Any CPU
		{FA15B36D-B38F-4E7B-8727-EC844EC4C8F6}.Release|Any CPU.Build.0 = Release|Any CPU
		{49EFE6BC-1302-455A-A1D0-A726CBF4056F}.Debug|Any CPU.ActiveCfg = Debug|Any CPU
		{49EFE6BC-1302-455A-A1D0-A726CBF4056F}.Debug|Any CPU.Build.0 = Debug|Any CPU
		{49EFE6BC-1302-455A-A1D0-A726CBF4056F}.Release|Any CPU.ActiveCfg = Release|Any CPU
		{49EFE6BC-1302-455A-A1D0-A726CBF4056F}.Release|Any CPU.Build.0 = Release|Any CPU
		{8D47066C-4E26-4D22-A532-261606863144}.Debug|Any CPU.ActiveCfg = Debug|Any CPU
		{8D47066C-4E26-4D22-A532-261606863144}.Debug|Any CPU.Build.0 = Debug|Any CPU
		{8D47066C-4E26-4D22-A532-261606863144}.Release|Any CPU.ActiveCfg = Release|Any CPU
		{8D47066C-4E26-4D22-A532-261606863144}.Release|Any CPU.Build.0 = Release|Any CPU
		{6069D71E-E5BE-4EB2-9AA4-E4BE6EC65869}.Debug|Any CPU.ActiveCfg = Debug|Any CPU
		{6069D71E-E5BE-4EB2-9AA4-E4BE6EC65869}.Debug|Any CPU.Build.0 = Debug|Any CPU
		{6069D71E-E5BE-4EB2-9AA4-E4BE6EC65869}.Release|Any CPU.ActiveCfg = Release|Any CPU
		{6069D71E-E5BE-4EB2-9AA4-E4BE6EC65869}.Release|Any CPU.Build.0 = Release|Any CPU
		{93E6664E-0E5C-4153-8B40-8B8C468DA597}.Debug|Any CPU.ActiveCfg = Debug|Any CPU
		{93E6664E-0E5C-4153-8B40-8B8C468DA597}.Debug|Any CPU.Build.0 = Debug|Any CPU
		{93E6664E-0E5C-4153-8B40-8B8C468DA597}.Release|Any CPU.ActiveCfg = Release|Any CPU
		{93E6664E-0E5C-4153-8B40-8B8C468DA597}.Release|Any CPU.Build.0 = Release|Any CPU
		{21239355-471F-43C5-B4C0-0CB51693BD5F}.Debug|Any CPU.ActiveCfg = Debug|Any CPU
		{21239355-471F-43C5-B4C0-0CB51693BD5F}.Debug|Any CPU.Build.0 = Debug|Any CPU
		{21239355-471F-43C5-B4C0-0CB51693BD5F}.Release|Any CPU.ActiveCfg = Release|Any CPU
		{21239355-471F-43C5-B4C0-0CB51693BD5F}.Release|Any CPU.Build.0 = Release|Any CPU
		{D08C2DA2-1564-4B1D-9889-EB10B521F8DF}.Debug|Any CPU.ActiveCfg = Debug|Any CPU
		{D08C2DA2-1564-4B1D-9889-EB10B521F8DF}.Debug|Any CPU.Build.0 = Debug|Any CPU
		{D08C2DA2-1564-4B1D-9889-EB10B521F8DF}.Release|Any CPU.ActiveCfg = Release|Any CPU
		{D08C2DA2-1564-4B1D-9889-EB10B521F8DF}.Release|Any CPU.Build.0 = Release|Any CPU
		{61BEAB57-E5D2-469C-BC33-598D94459783}.Debug|Any CPU.ActiveCfg = Debug|Any CPU
		{61BEAB57-E5D2-469C-BC33-598D94459783}.Debug|Any CPU.Build.0 = Debug|Any CPU
		{61BEAB57-E5D2-469C-BC33-598D94459783}.Release|Any CPU.ActiveCfg = Release|Any CPU
		{61BEAB57-E5D2-469C-BC33-598D94459783}.Release|Any CPU.Build.0 = Release|Any CPU
		{FF38DC14-B7AE-473C-9A01-3789FE4FC81A}.Debug|Any CPU.ActiveCfg = Debug|Any CPU
		{FF38DC14-B7AE-473C-9A01-3789FE4FC81A}.Debug|Any CPU.Build.0 = Debug|Any CPU
		{FF38DC14-B7AE-473C-9A01-3789FE4FC81A}.Release|Any CPU.ActiveCfg = Release|Any CPU
		{FF38DC14-B7AE-473C-9A01-3789FE4FC81A}.Release|Any CPU.Build.0 = Release|Any CPU
		{751EC7F0-7C7E-473A-9F1F-E79E6B9F2AD3}.Debug|Any CPU.ActiveCfg = Debug|Any CPU
		{751EC7F0-7C7E-473A-9F1F-E79E6B9F2AD3}.Debug|Any CPU.Build.0 = Debug|Any CPU
		{751EC7F0-7C7E-473A-9F1F-E79E6B9F2AD3}.Release|Any CPU.ActiveCfg = Release|Any CPU
		{751EC7F0-7C7E-473A-9F1F-E79E6B9F2AD3}.Release|Any CPU.Build.0 = Release|Any CPU
		{DBE39453-F664-4A98-9F62-236ACF557AB7}.Debug|Any CPU.ActiveCfg = Debug|Any CPU
		{DBE39453-F664-4A98-9F62-236ACF557AB7}.Debug|Any CPU.Build.0 = Debug|Any CPU
		{DBE39453-F664-4A98-9F62-236ACF557AB7}.Release|Any CPU.ActiveCfg = Release|Any CPU
		{DBE39453-F664-4A98-9F62-236ACF557AB7}.Release|Any CPU.Build.0 = Release|Any CPU
		{606891D9-38E9-4A62-9290-053D3B902F08}.Debug|Any CPU.ActiveCfg = Debug|Any CPU
		{606891D9-38E9-4A62-9290-053D3B902F08}.Debug|Any CPU.Build.0 = Debug|Any CPU
		{606891D9-38E9-4A62-9290-053D3B902F08}.Release|Any CPU.ActiveCfg = Release|Any CPU
		{606891D9-38E9-4A62-9290-053D3B902F08}.Release|Any CPU.Build.0 = Release|Any CPU
		{9391418C-2ECD-4297-8204-EEBCEA3C8F9B}.Debug|Any CPU.ActiveCfg = Debug|Any CPU
		{9391418C-2ECD-4297-8204-EEBCEA3C8F9B}.Debug|Any CPU.Build.0 = Debug|Any CPU
		{9391418C-2ECD-4297-8204-EEBCEA3C8F9B}.Release|Any CPU.ActiveCfg = Release|Any CPU
		{9391418C-2ECD-4297-8204-EEBCEA3C8F9B}.Release|Any CPU.Build.0 = Release|Any CPU
		{8B9592D4-B04D-4705-B92E-5E3769C69A78}.Debug|Any CPU.ActiveCfg = Debug|Any CPU
		{8B9592D4-B04D-4705-B92E-5E3769C69A78}.Debug|Any CPU.Build.0 = Debug|Any CPU
		{8B9592D4-B04D-4705-B92E-5E3769C69A78}.Release|Any CPU.ActiveCfg = Release|Any CPU
		{8B9592D4-B04D-4705-B92E-5E3769C69A78}.Release|Any CPU.Build.0 = Release|Any CPU
		{47D444F5-C824-4124-B58E-55D1222DB914}.Debug|Any CPU.ActiveCfg = Debug|Any CPU
		{47D444F5-C824-4124-B58E-55D1222DB914}.Debug|Any CPU.Build.0 = Debug|Any CPU
		{47D444F5-C824-4124-B58E-55D1222DB914}.Release|Any CPU.ActiveCfg = Release|Any CPU
		{47D444F5-C824-4124-B58E-55D1222DB914}.Release|Any CPU.Build.0 = Release|Any CPU
	EndGlobalSection
	GlobalSection(SolutionProperties) = preSolution
		HideSolutionNode = FALSE
	EndGlobalSection
	GlobalSection(NestedProjects) = preSolution
		{3A0B7AA7-4373-4AC9-BADF-ECFDD63CDD73} = {742E3A55-2785-4C02-8D81-D2C1A786F264}
		{B474AE33-8447-4992-8EFB-5FFC32C30142} = {3A0B7AA7-4373-4AC9-BADF-ECFDD63CDD73}
		{75511974-0DB9-4512-9006-D57CA7BC0842} = {B474AE33-8447-4992-8EFB-5FFC32C30142}
		{398E9508-4EFD-4FD2-993B-AE6C6DB83B23} = {155EC608-2938-4834-9E24-8B5022884120}
		{88CD49FD-603A-4401-830B-6215A7F09FEF} = {9B70E716-B1FC-4D2E-8536-98EE63699480}
		{D5149BB8-07D9-4DAC-B504-6B4406C2AEC5} = {9B70E716-B1FC-4D2E-8536-98EE63699480}
		{3A4014BA-86FA-4611-BAD9-888A8B48127B} = {9B70E716-B1FC-4D2E-8536-98EE63699480}
		{FA15B36D-B38F-4E7B-8727-EC844EC4C8F6} = {3A0B7AA7-4373-4AC9-BADF-ECFDD63CDD73}
		{49EFE6BC-1302-455A-A1D0-A726CBF4056F} = {3A0B7AA7-4373-4AC9-BADF-ECFDD63CDD73}
		{8D47066C-4E26-4D22-A532-261606863144} = {8E790D1C-7697-4E65-A93A-3C887C2B6C37}
		{6069D71E-E5BE-4EB2-9AA4-E4BE6EC65869} = {D2E8B67C-75DC-4B74-B3D8-1A39B88BDBD2}
		{93E6664E-0E5C-4153-8B40-8B8C468DA597} = {8E790D1C-7697-4E65-A93A-3C887C2B6C37}
		{21239355-471F-43C5-B4C0-0CB51693BD5F} = {738307A3-4F68-4533-B20B-20BFFBF740B2}
		{D08C2DA2-1564-4B1D-9889-EB10B521F8DF} = {738307A3-4F68-4533-B20B-20BFFBF740B2}
		{7E4A8D6B-3493-42D7-B442-9A5AABDD86FF} = {155EC608-2938-4834-9E24-8B5022884120}
		{61BEAB57-E5D2-469C-BC33-598D94459783} = {7E4A8D6B-3493-42D7-B442-9A5AABDD86FF}
		{FF38DC14-B7AE-473C-9A01-3789FE4FC81A} = {7E4A8D6B-3493-42D7-B442-9A5AABDD86FF}
		{751EC7F0-7C7E-473A-9F1F-E79E6B9F2AD3} = {6DEDC779-8A13-4F39-9E92-F91EE82AECF9}
		{8B9592D4-B04D-4705-B92E-5E3769C69A78} = {155EC608-2938-4834-9E24-8B5022884120}
		{47D444F5-C824-4124-B58E-55D1222DB914} = {9B70E716-B1FC-4D2E-8536-98EE63699480}
	EndGlobalSection
	GlobalSection(ExtensibilityGlobals) = postSolution
		SolutionGuid = {39DE7AC1-C284-40C6-80FF-58EC555767A0}
	EndGlobalSection
EndGlobal
