
Microsoft Visual Studio Solution File, Format Version 12.00
# Visual Studio Version 17
VisualStudioVersion = 17.2.32630.192
MinimumVisualStudioVersion = 10.0.40219.1
Project("{9A19103F-16F7-4668-BE54-9A1E7A4F7556}") = "DesignPattern", "DesignPattern\DesignPattern.csproj", "{AF17DFC1-C632-4E56-849B-A2D3BC8DA838}"
EndProject
Project("{2150E333-8FDC-42A3-9474-1A3956D46DE8}") = "Collection", "Collection", "{D2E8B67C-75DC-4B74-B3D8-1A39B88BDBD2}"
	ProjectSection(SolutionItems) = preProject
		Collection\choosing-collections-table.png = Collection\choosing-collections-table.png
		Collection\choosing-collections-tree.png = Collection\choosing-collections-tree.png
	EndProjectSection
EndProject
Project("{FAE04EC0-301F-11D3-BF4B-00C04F79EFBC}") = "Emit", "Emit\Emit.csproj", "{8BBAC57D-8A65-462E-8697-45761BBBF965}"
EndProject
Project("{2150E333-8FDC-42A3-9474-1A3956D46DE8}") = "MVC5_Project", "MVC5_Project", "{155EC608-2938-4834-9E24-8B5022884120}"
EndProject
Project("{9A19103F-16F7-4668-BE54-9A1E7A4F7556}") = "LeetCode", "LeetCode\LeetCode.csproj", "{287AC3DE-5757-4BBA-9620-A5E81443E0AF}"
EndProject
Project("{2150E333-8FDC-42A3-9474-1A3956D46DE8}") = "AOP", "AOP", "{8E790D1C-7697-4E65-A93A-3C887C2B6C37}"
EndProject
Project("{2150E333-8FDC-42A3-9474-1A3956D46DE8}") = "Mutiple Thread", "Mutiple Thread", "{9B70E716-B1FC-4D2E-8536-98EE63699480}"
EndProject
Project("{2150E333-8FDC-42A3-9474-1A3956D46DE8}") = "Docker", "Docker", "{742E3A55-2785-4C02-8D81-D2C1A786F264}"
EndProject
Project("{2150E333-8FDC-42A3-9474-1A3956D46DE8}") = "docker-compose_api_mssql", "docker-compose_api_mssql", "{3A0B7AA7-4373-4AC9-BADF-ECFDD63CDD73}"
	ProjectSection(SolutionItems) = preProject
		Docker\docker-compose_api_mssql\docker-compose.yml = Docker\docker-compose_api_mssql\docker-compose.yml
		Docker\docker-compose_api_mssql\Dockerfile = Docker\docker-compose_api_mssql\Dockerfile
		Docker\docker-compose_api_mssql\README.MD = Docker\docker-compose_api_mssql\README.MD
	EndProjectSection
EndProject
Project("{2150E333-8FDC-42A3-9474-1A3956D46DE8}") = "TestDB", "TestDB", "{B474AE33-8447-4992-8EFB-5FFC32C30142}"
	ProjectSection(SolutionItems) = preProject
		Docker\docker-compose_api_mssql\TestDB\Dockerfile = Docker\docker-compose_api_mssql\TestDB\Dockerfile
	EndProjectSection
EndProject
Project("{2150E333-8FDC-42A3-9474-1A3956D46DE8}") = "data", "data", "{75511974-0DB9-4512-9006-D57CA7BC0842}"
	ProjectSection(SolutionItems) = preProject
		Docker\docker-compose_api_mssql\TestDB\data\entrypoint.sh = Docker\docker-compose_api_mssql\TestDB\data\entrypoint.sh
		Docker\docker-compose_api_mssql\TestDB\data\restoreDB.sql = Docker\docker-compose_api_mssql\TestDB\data\restoreDB.sql
		Docker\docker-compose_api_mssql\TestDB\data\testDB.bak = Docker\docker-compose_api_mssql\TestDB\data\testDB.bak
	EndProjectSection
EndProject
Project("{FAE04EC0-301F-11D3-BF4B-00C04F79EFBC}") = "切片上傳檔案", "MVC5_Project\切片上傳檔案\切片上傳檔案.csproj", "{398E9508-4EFD-4FD2-993B-AE6C6DB83B23}"
EndProject
Project("{9A19103F-16F7-4668-BE54-9A1E7A4F7556}") = "Core.Entity", "Docker\docker-compose_api_mssql\Core.Entity\Core.Entity.csproj", "{FA15B36D-B38F-4E7B-8727-EC844EC4C8F6}"
EndProject
Project("{9A19103F-16F7-4668-BE54-9A1E7A4F7556}") = "docker-compose_api_mssql", "Docker\docker-compose_api_mssql\docker-compose_api_mssql\docker-compose_api_mssql.csproj", "{49EFE6BC-1302-455A-A1D0-A726CBF4056F}"
EndProject
Project("{FAE04EC0-301F-11D3-BF4B-00C04F79EFBC}") = "AOP", "AOP\AOP\AOP.csproj", "{8D47066C-4E26-4D22-A532-261606863144}"
EndProject
Project("{9A19103F-16F7-4668-BE54-9A1E7A4F7556}") = "Dictionary", "Collection\Dictionary\Dictionary.csproj", "{6069D71E-E5BE-4EB2-9AA4-E4BE6EC65869}"
EndProject
Project("{FAE04EC0-301F-11D3-BF4B-00C04F79EFBC}") = "EmitAOP", "AOP\EmitAOP\EmitAOP.csproj", "{93E6664E-0E5C-4153-8B40-8B8C468DA597}"
EndProject
Project("{2150E333-8FDC-42A3-9474-1A3956D46DE8}") = "IFrameSSOTest", "IFrameSSOTest", "{7E4A8D6B-3493-42D7-B442-9A5AABDD86FF}"
	ProjectSection(SolutionItems) = preProject
		MVC5_Project\IFrameSSO\README.MD = MVC5_Project\IFrameSSO\README.MD
	EndProjectSection
EndProject
Project("{FAE04EC0-301F-11D3-BF4B-00C04F79EFBC}") = "IFrameTestClient", "MVC5_Project\IFrameSSO\IFrameTestClient\IFrameTestClient\IFrameTestClient.csproj", "{61BEAB57-E5D2-469C-BC33-598D94459783}"
EndProject
Project("{FAE04EC0-301F-11D3-BF4B-00C04F79EFBC}") = "IFrameTestServer", "MVC5_Project\IFrameSSO\IFrameTestServer\IFrameTestServer\IFrameTestServer.csproj", "{FF38DC14-B7AE-473C-9A01-3789FE4FC81A}"
EndProject
Project("{2150E333-8FDC-42A3-9474-1A3956D46DE8}") = "Kubernetes", "Kubernetes", "{6DEDC779-8A13-4F39-9E92-F91EE82AECF9}"
	ProjectSection(SolutionItems) = preProject
		Kubernetes\Dockerfile = Kubernetes\Dockerfile
		Kubernetes\k8sSample.yml = Kubernetes\k8sSample.yml
	EndProjectSection
EndProject
Project("{9A19103F-16F7-4668-BE54-9A1E7A4F7556}") = "K8S_Sample", "Kubernetes\K8S_Sample\K8S_Sample.csproj", "{751EC7F0-7C7E-473A-9F1F-E79E6B9F2AD3}"
EndProject
Project("{FAE04EC0-301F-11D3-BF4B-00C04F79EFBC}") = "Algorithm", "Algorithm\Algorithm.csproj", "{606891D9-38E9-4A62-9290-053D3B902F08}"
EndProject
Project("{9A19103F-16F7-4668-BE54-9A1E7A4F7556}") = "CommonClassLibary", "CommonClassLibary\CommonClassLibary.csproj", "{9391418C-2ECD-4297-8204-EEBCEA3C8F9B}"
EndProject
Project("{2150E333-8FDC-42A3-9474-1A3956D46DE8}") = "Solution Items", "Solution Items", "{3BFC60CA-129F-4320-906A-F1DDF468EB6E}"
EndProject
Project("{2150E333-8FDC-42A3-9474-1A3956D46DE8}") = "MSSQL Script", "MSSQL Script", "{BD07BE36-C674-4B3B-A27C-311B0ABF1F51}"
	ProjectSection(SolutionItems) = preProject
		MSSQL Script\Create Northwind DataTable.sql = MSSQL Script\Create Northwind DataTable.sql
		MSSQL Script\PartitionBy.sql = MSSQL Script\PartitionBy.sql
	EndProjectSection
EndProject
Project("{9A19103F-16F7-4668-BE54-9A1E7A4F7556}") = "Common", "Mutiple Thread\Common\Common.csproj", "{88FCACF7-6421-47F2-94C8-B921D1AC931A}"
EndProject
Project("{9A19103F-16F7-4668-BE54-9A1E7A4F7556}") = "TaskAPI", "Mutiple Thread\TaskAPI\TaskAPI.csproj", "{A4D0C21E-ED23-424F-A347-4829B9EF15B6}"
EndProject
Project("{9A19103F-16F7-4668-BE54-9A1E7A4F7556}") = "批次呼叫API", "Mutiple Thread\批次呼叫API\批次呼叫API.csproj", "{B1B4318C-66D0-4768-85FE-D3777007CF39}"
EndProject
Project("{2150E333-8FDC-42A3-9474-1A3956D46DE8}") = "Pipelines", "Pipelines", "{96CD7428-2D69-4D58-B5D2-56F1281EA969}"
EndProject
Project("{2150E333-8FDC-42A3-9474-1A3956D46DE8}") = "NamedPipeServerStream", "NamedPipeServerStream", "{9C431F49-C920-4F9C-92E0-27E1F9BC2A56}"
EndProject
Project("{9A19103F-16F7-4668-BE54-9A1E7A4F7556}") = "NamedPipeServerStream_Client", "Pipelines\NamedPipeServerStream\NamedPipeServerStream_Client\NamedPipeServerStream_Client.csproj", "{E76E691F-6BF4-470A-838A-7882295490AC}"
EndProject
Project("{9A19103F-16F7-4668-BE54-9A1E7A4F7556}") = "NamedPipeServerStream_Server", "Pipelines\NamedPipeServerStream\NamedPipeServerStream_Server\NamedPipeServerStream_Server.csproj", "{7266E0A7-7010-4E97-8B0D-D16C424982E2}"
EndProject
Project("{FAE04EC0-301F-11D3-BF4B-00C04F79EFBC}") = "DataTable_Sample", "Collection\DataTable_Sample\DataTable_Sample.csproj", "{BE9BE583-C1E3-47D3-AD55-05CF6050E9E5}"
EndProject
Project("{2150E333-8FDC-42A3-9474-1A3956D46DE8}") = "Queue", "Queue", "{A30A0C68-7935-47DC-8F99-5D9CCD897A7B}"
EndProject
Project("{2150E333-8FDC-42A3-9474-1A3956D46DE8}") = "RabbitMQ", "RabbitMQ", "{09FF7D2D-47B2-42B4-89BC-335AFEFEEC0C}"
	ProjectSection(SolutionItems) = preProject
		Queue\RabbitMQ\docker-compose.yml = Queue\RabbitMQ\docker-compose.yml
		Queue\RabbitMQ\README.md = Queue\RabbitMQ\README.md
	EndProjectSection
EndProject
Project("{9A19103F-16F7-4668-BE54-9A1E7A4F7556}") = "CancellationTokenSourceSample", "Mutiple Thread\CancellationTokenSourceSample\CancellationTokenSourceSample.csproj", "{634722D1-A65B-4F75-9DFC-8AF76D0E680A}"
EndProject
Project("{9A19103F-16F7-4668-BE54-9A1E7A4F7556}") = "EventWaitHandleSample", "Mutiple Thread\EventWaitHandleSample\EventWaitHandleSample.csproj", "{8D7AEB64-5B1D-484E-AAE8-DFCE98AD7B35}"
EndProject
Project("{9A19103F-16F7-4668-BE54-9A1E7A4F7556}") = "SemaphoreSample", "Mutiple Thread\SemaphoreSample\SemaphoreSample.csproj", "{FBDFB7F7-FD6F-4D08-9EA0-C64B7DED113E}"
EndProject
Project("{9A19103F-16F7-4668-BE54-9A1E7A4F7556}") = "SemaphoreSlimSample", "Mutiple Thread\SemaphoreSlimSample\SemaphoreSlimSample.csproj", "{38C27C57-3AE3-49B7-B346-3BFE0DDC6722}"
EndProject
Project("{9A19103F-16F7-4668-BE54-9A1E7A4F7556}") = "MutexSample", "Mutiple Thread\MutexSample\MutexSample.csproj", "{B7D8CEB2-21D3-4EFE-9474-C000FD9BC2E9}"
EndProject
Project("{9A19103F-16F7-4668-BE54-9A1E7A4F7556}") = "SpinSample", "Mutiple Thread\SpinSample\SpinSample.csproj", "{46124270-B87D-444F-AE14-82FCAC5320D1}"
EndProject
Project("{2150E333-8FDC-42A3-9474-1A3956D46DE8}") = "Kafka", "Kafka", "{0A430651-75E3-4DFC-8EFD-8F8B0EE57926}"
	ProjectSection(SolutionItems) = preProject
		Queue\Kafka\docker-compose.yml = Queue\Kafka\docker-compose.yml
		Queue\Kafka\README.md = Queue\Kafka\README.md
	EndProjectSection
EndProject
Project("{9A19103F-16F7-4668-BE54-9A1E7A4F7556}") = "RabbitMQProducer", "Queue\RabbitMQ\RabbitMQProducer\RabbitMQProducer.csproj", "{9D7E4B47-A152-49E5-A09C-3B5D90CBFF14}"
EndProject
Project("{9A19103F-16F7-4668-BE54-9A1E7A4F7556}") = "RabbitMQConsumer", "Queue\RabbitMQ\RabbitMQConsumer\RabbitMQConsumer.csproj", "{6A566E20-1BB9-48B4-B4FF-403A2BB53A4D}"
EndProject
Project("{9A19103F-16F7-4668-BE54-9A1E7A4F7556}") = "KafkaConsumer", "Queue\Kafka\KafkaConsumer\KafkaConsumer.csproj", "{344C24DD-8567-4CA3-AF0A-B1CF1B77D881}"
EndProject
Project("{9A19103F-16F7-4668-BE54-9A1E7A4F7556}") = "KafkaProducer", "Queue\Kafka\KafkaProducer\KafkaProducer.csproj", "{480E8BAB-C96F-4996-8F1C-BB1371964FF9}"
EndProject
Project("{9A19103F-16F7-4668-BE54-9A1E7A4F7556}") = "InterlockedSample", "Mutiple Thread\InterlockedSample\InterlockedSample.csproj", "{FEC5433B-6BBD-48EF-A969-8D73DD9C727A}"
EndProject
Project("{9A19103F-16F7-4668-BE54-9A1E7A4F7556}") = "MonitorSample", "Mutiple Thread\MonitorSample\MonitorSample.csproj", "{14A57FA1-42B1-420C-A004-8AEE77303DDD}"
EndProject
Project("{2150E333-8FDC-42A3-9474-1A3956D46DE8}") = "NoSQL", "NoSQL", "{FA1B6CF3-CBCB-4120-A017-B0E0E4103F62}"
EndProject
Project("{2150E333-8FDC-42A3-9474-1A3956D46DE8}") = "MongoDB", "MongoDB", "{953A5BDA-AEB4-4E36-AD5A-B6AD2E9CA853}"
	ProjectSection(SolutionItems) = preProject
		NoSQL\MongoDB\CRUD.MD = NoSQL\MongoDB\CRUD.MD
	EndProjectSection
EndProject
Project("{9A19103F-16F7-4668-BE54-9A1E7A4F7556}") = "MongoDBWebSample", "NoSQL\MongoDB\MongoDBWebSample\MongoDBWebSample.csproj", "{2A12F84A-D009-44A1-B8C7-99C506503F96}"
EndProject
Project("{FAE04EC0-301F-11D3-BF4B-00C04F79EFBC}") = "AppleOauth", "MVC5_Project\AppleOauth\AppleOauth.csproj", "{8B9592D4-B04D-4705-B92E-5E3769C69A78}"
EndProject
Global
	GlobalSection(SolutionConfigurationPlatforms) = preSolution
		Debug|Any CPU = Debug|Any CPU
		Release|Any CPU = Release|Any CPU
	EndGlobalSection
	GlobalSection(ProjectConfigurationPlatforms) = postSolution
		{AF17DFC1-C632-4E56-849B-A2D3BC8DA838}.Debug|Any CPU.ActiveCfg = Debug|Any CPU
		{AF17DFC1-C632-4E56-849B-A2D3BC8DA838}.Debug|Any CPU.Build.0 = Debug|Any CPU
		{AF17DFC1-C632-4E56-849B-A2D3BC8DA838}.Release|Any CPU.ActiveCfg = Release|Any CPU
		{AF17DFC1-C632-4E56-849B-A2D3BC8DA838}.Release|Any CPU.Build.0 = Release|Any CPU
		{8BBAC57D-8A65-462E-8697-45761BBBF965}.Debug|Any CPU.ActiveCfg = Debug|Any CPU
		{8BBAC57D-8A65-462E-8697-45761BBBF965}.Debug|Any CPU.Build.0 = Debug|Any CPU
		{8BBAC57D-8A65-462E-8697-45761BBBF965}.Release|Any CPU.ActiveCfg = Release|Any CPU
		{8BBAC57D-8A65-462E-8697-45761BBBF965}.Release|Any CPU.Build.0 = Release|Any CPU
		{287AC3DE-5757-4BBA-9620-A5E81443E0AF}.Debug|Any CPU.ActiveCfg = Debug|Any CPU
		{287AC3DE-5757-4BBA-9620-A5E81443E0AF}.Debug|Any CPU.Build.0 = Debug|Any CPU
		{287AC3DE-5757-4BBA-9620-A5E81443E0AF}.Release|Any CPU.ActiveCfg = Release|Any CPU
		{287AC3DE-5757-4BBA-9620-A5E81443E0AF}.Release|Any CPU.Build.0 = Release|Any CPU
		{398E9508-4EFD-4FD2-993B-AE6C6DB83B23}.Debug|Any CPU.ActiveCfg = Debug|Any CPU
		{398E9508-4EFD-4FD2-993B-AE6C6DB83B23}.Debug|Any CPU.Build.0 = Debug|Any CPU
		{398E9508-4EFD-4FD2-993B-AE6C6DB83B23}.Release|Any CPU.ActiveCfg = Release|Any CPU
		{398E9508-4EFD-4FD2-993B-AE6C6DB83B23}.Release|Any CPU.Build.0 = Release|Any CPU
		{FA15B36D-B38F-4E7B-8727-EC844EC4C8F6}.Debug|Any CPU.ActiveCfg = Debug|Any CPU
		{FA15B36D-B38F-4E7B-8727-EC844EC4C8F6}.Debug|Any CPU.Build.0 = Debug|Any CPU
		{FA15B36D-B38F-4E7B-8727-EC844EC4C8F6}.Release|Any CPU.ActiveCfg = Release|Any CPU
		{FA15B36D-B38F-4E7B-8727-EC844EC4C8F6}.Release|Any CPU.Build.0 = Release|Any CPU
		{49EFE6BC-1302-455A-A1D0-A726CBF4056F}.Debug|Any CPU.ActiveCfg = Debug|Any CPU
		{49EFE6BC-1302-455A-A1D0-A726CBF4056F}.Debug|Any CPU.Build.0 = Debug|Any CPU
		{49EFE6BC-1302-455A-A1D0-A726CBF4056F}.Release|Any CPU.ActiveCfg = Release|Any CPU
		{49EFE6BC-1302-455A-A1D0-A726CBF4056F}.Release|Any CPU.Build.0 = Release|Any CPU
		{8D47066C-4E26-4D22-A532-261606863144}.Debug|Any CPU.ActiveCfg = Debug|Any CPU
		{8D47066C-4E26-4D22-A532-261606863144}.Debug|Any CPU.Build.0 = Debug|Any CPU
		{8D47066C-4E26-4D22-A532-261606863144}.Release|Any CPU.ActiveCfg = Release|Any CPU
		{8D47066C-4E26-4D22-A532-261606863144}.Release|Any CPU.Build.0 = Release|Any CPU
		{6069D71E-E5BE-4EB2-9AA4-E4BE6EC65869}.Debug|Any CPU.ActiveCfg = Debug|Any CPU
		{6069D71E-E5BE-4EB2-9AA4-E4BE6EC65869}.Debug|Any CPU.Build.0 = Debug|Any CPU
		{6069D71E-E5BE-4EB2-9AA4-E4BE6EC65869}.Release|Any CPU.ActiveCfg = Release|Any CPU
		{6069D71E-E5BE-4EB2-9AA4-E4BE6EC65869}.Release|Any CPU.Build.0 = Release|Any CPU
		{93E6664E-0E5C-4153-8B40-8B8C468DA597}.Debug|Any CPU.ActiveCfg = Debug|Any CPU
		{93E6664E-0E5C-4153-8B40-8B8C468DA597}.Debug|Any CPU.Build.0 = Debug|Any CPU
		{93E6664E-0E5C-4153-8B40-8B8C468DA597}.Release|Any CPU.ActiveCfg = Release|Any CPU
		{93E6664E-0E5C-4153-8B40-8B8C468DA597}.Release|Any CPU.Build.0 = Release|Any CPU
		{61BEAB57-E5D2-469C-BC33-598D94459783}.Debug|Any CPU.ActiveCfg = Debug|Any CPU
		{61BEAB57-E5D2-469C-BC33-598D94459783}.Debug|Any CPU.Build.0 = Debug|Any CPU
		{61BEAB57-E5D2-469C-BC33-598D94459783}.Release|Any CPU.ActiveCfg = Release|Any CPU
		{61BEAB57-E5D2-469C-BC33-598D94459783}.Release|Any CPU.Build.0 = Release|Any CPU
		{FF38DC14-B7AE-473C-9A01-3789FE4FC81A}.Debug|Any CPU.ActiveCfg = Debug|Any CPU
		{FF38DC14-B7AE-473C-9A01-3789FE4FC81A}.Debug|Any CPU.Build.0 = Debug|Any CPU
		{FF38DC14-B7AE-473C-9A01-3789FE4FC81A}.Release|Any CPU.ActiveCfg = Release|Any CPU
		{FF38DC14-B7AE-473C-9A01-3789FE4FC81A}.Release|Any CPU.Build.0 = Release|Any CPU
		{751EC7F0-7C7E-473A-9F1F-E79E6B9F2AD3}.Debug|Any CPU.ActiveCfg = Debug|Any CPU
		{751EC7F0-7C7E-473A-9F1F-E79E6B9F2AD3}.Debug|Any CPU.Build.0 = Debug|Any CPU
		{751EC7F0-7C7E-473A-9F1F-E79E6B9F2AD3}.Release|Any CPU.ActiveCfg = Release|Any CPU
		{751EC7F0-7C7E-473A-9F1F-E79E6B9F2AD3}.Release|Any CPU.Build.0 = Release|Any CPU
		{606891D9-38E9-4A62-9290-053D3B902F08}.Debug|Any CPU.ActiveCfg = Debug|Any CPU
		{606891D9-38E9-4A62-9290-053D3B902F08}.Debug|Any CPU.Build.0 = Debug|Any CPU
		{606891D9-38E9-4A62-9290-053D3B902F08}.Release|Any CPU.ActiveCfg = Release|Any CPU
		{606891D9-38E9-4A62-9290-053D3B902F08}.Release|Any CPU.Build.0 = Release|Any CPU
		{9391418C-2ECD-4297-8204-EEBCEA3C8F9B}.Debug|Any CPU.ActiveCfg = Debug|Any CPU
		{9391418C-2ECD-4297-8204-EEBCEA3C8F9B}.Debug|Any CPU.Build.0 = Debug|Any CPU
		{9391418C-2ECD-4297-8204-EEBCEA3C8F9B}.Release|Any CPU.ActiveCfg = Release|Any CPU
		{9391418C-2ECD-4297-8204-EEBCEA3C8F9B}.Release|Any CPU.Build.0 = Release|Any CPU
		{88FCACF7-6421-47F2-94C8-B921D1AC931A}.Debug|Any CPU.ActiveCfg = Debug|Any CPU
		{88FCACF7-6421-47F2-94C8-B921D1AC931A}.Debug|Any CPU.Build.0 = Debug|Any CPU
		{88FCACF7-6421-47F2-94C8-B921D1AC931A}.Release|Any CPU.ActiveCfg = Release|Any CPU
		{88FCACF7-6421-47F2-94C8-B921D1AC931A}.Release|Any CPU.Build.0 = Release|Any CPU
		{A4D0C21E-ED23-424F-A347-4829B9EF15B6}.Debug|Any CPU.ActiveCfg = Debug|Any CPU
		{A4D0C21E-ED23-424F-A347-4829B9EF15B6}.Debug|Any CPU.Build.0 = Debug|Any CPU
		{A4D0C21E-ED23-424F-A347-4829B9EF15B6}.Release|Any CPU.ActiveCfg = Release|Any CPU
		{A4D0C21E-ED23-424F-A347-4829B9EF15B6}.Release|Any CPU.Build.0 = Release|Any CPU
		{B1B4318C-66D0-4768-85FE-D3777007CF39}.Debug|Any CPU.ActiveCfg = Debug|Any CPU
		{B1B4318C-66D0-4768-85FE-D3777007CF39}.Debug|Any CPU.Build.0 = Debug|Any CPU
		{B1B4318C-66D0-4768-85FE-D3777007CF39}.Release|Any CPU.ActiveCfg = Release|Any CPU
		{B1B4318C-66D0-4768-85FE-D3777007CF39}.Release|Any CPU.Build.0 = Release|Any CPU
		{E76E691F-6BF4-470A-838A-7882295490AC}.Debug|Any CPU.ActiveCfg = Debug|Any CPU
		{E76E691F-6BF4-470A-838A-7882295490AC}.Debug|Any CPU.Build.0 = Debug|Any CPU
		{E76E691F-6BF4-470A-838A-7882295490AC}.Release|Any CPU.ActiveCfg = Release|Any CPU
		{E76E691F-6BF4-470A-838A-7882295490AC}.Release|Any CPU.Build.0 = Release|Any CPU
		{7266E0A7-7010-4E97-8B0D-D16C424982E2}.Debug|Any CPU.ActiveCfg = Debug|Any CPU
		{7266E0A7-7010-4E97-8B0D-D16C424982E2}.Debug|Any CPU.Build.0 = Debug|Any CPU
		{7266E0A7-7010-4E97-8B0D-D16C424982E2}.Release|Any CPU.ActiveCfg = Release|Any CPU
		{7266E0A7-7010-4E97-8B0D-D16C424982E2}.Release|Any CPU.Build.0 = Release|Any CPU
		{BE9BE583-C1E3-47D3-AD55-05CF6050E9E5}.Debug|Any CPU.ActiveCfg = Debug|Any CPU
		{BE9BE583-C1E3-47D3-AD55-05CF6050E9E5}.Debug|Any CPU.Build.0 = Debug|Any CPU
		{BE9BE583-C1E3-47D3-AD55-05CF6050E9E5}.Release|Any CPU.ActiveCfg = Release|Any CPU
		{BE9BE583-C1E3-47D3-AD55-05CF6050E9E5}.Release|Any CPU.Build.0 = Release|Any CPU
		{634722D1-A65B-4F75-9DFC-8AF76D0E680A}.Debug|Any CPU.ActiveCfg = Debug|Any CPU
		{634722D1-A65B-4F75-9DFC-8AF76D0E680A}.Debug|Any CPU.Build.0 = Debug|Any CPU
		{634722D1-A65B-4F75-9DFC-8AF76D0E680A}.Release|Any CPU.ActiveCfg = Release|Any CPU
		{634722D1-A65B-4F75-9DFC-8AF76D0E680A}.Release|Any CPU.Build.0 = Release|Any CPU
		{8D7AEB64-5B1D-484E-AAE8-DFCE98AD7B35}.Debug|Any CPU.ActiveCfg = Debug|Any CPU
		{8D7AEB64-5B1D-484E-AAE8-DFCE98AD7B35}.Debug|Any CPU.Build.0 = Debug|Any CPU
		{8D7AEB64-5B1D-484E-AAE8-DFCE98AD7B35}.Release|Any CPU.ActiveCfg = Release|Any CPU
		{8D7AEB64-5B1D-484E-AAE8-DFCE98AD7B35}.Release|Any CPU.Build.0 = Release|Any CPU
		{FBDFB7F7-FD6F-4D08-9EA0-C64B7DED113E}.Debug|Any CPU.ActiveCfg = Debug|Any CPU
		{FBDFB7F7-FD6F-4D08-9EA0-C64B7DED113E}.Debug|Any CPU.Build.0 = Debug|Any CPU
		{FBDFB7F7-FD6F-4D08-9EA0-C64B7DED113E}.Release|Any CPU.ActiveCfg = Release|Any CPU
		{FBDFB7F7-FD6F-4D08-9EA0-C64B7DED113E}.Release|Any CPU.Build.0 = Release|Any CPU
		{38C27C57-3AE3-49B7-B346-3BFE0DDC6722}.Debug|Any CPU.ActiveCfg = Debug|Any CPU
		{38C27C57-3AE3-49B7-B346-3BFE0DDC6722}.Debug|Any CPU.Build.0 = Debug|Any CPU
		{38C27C57-3AE3-49B7-B346-3BFE0DDC6722}.Release|Any CPU.ActiveCfg = Release|Any CPU
		{38C27C57-3AE3-49B7-B346-3BFE0DDC6722}.Release|Any CPU.Build.0 = Release|Any CPU
		{B7D8CEB2-21D3-4EFE-9474-C000FD9BC2E9}.Debug|Any CPU.ActiveCfg = Debug|Any CPU
		{B7D8CEB2-21D3-4EFE-9474-C000FD9BC2E9}.Debug|Any CPU.Build.0 = Debug|Any CPU
		{B7D8CEB2-21D3-4EFE-9474-C000FD9BC2E9}.Release|Any CPU.ActiveCfg = Release|Any CPU
		{B7D8CEB2-21D3-4EFE-9474-C000FD9BC2E9}.Release|Any CPU.Build.0 = Release|Any CPU
		{46124270-B87D-444F-AE14-82FCAC5320D1}.Debug|Any CPU.ActiveCfg = Debug|Any CPU
		{46124270-B87D-444F-AE14-82FCAC5320D1}.Debug|Any CPU.Build.0 = Debug|Any CPU
		{46124270-B87D-444F-AE14-82FCAC5320D1}.Release|Any CPU.ActiveCfg = Release|Any CPU
		{46124270-B87D-444F-AE14-82FCAC5320D1}.Release|Any CPU.Build.0 = Release|Any CPU
		{9D7E4B47-A152-49E5-A09C-3B5D90CBFF14}.Debug|Any CPU.ActiveCfg = Debug|Any CPU
		{9D7E4B47-A152-49E5-A09C-3B5D90CBFF14}.Debug|Any CPU.Build.0 = Debug|Any CPU
		{9D7E4B47-A152-49E5-A09C-3B5D90CBFF14}.Release|Any CPU.ActiveCfg = Release|Any CPU
		{9D7E4B47-A152-49E5-A09C-3B5D90CBFF14}.Release|Any CPU.Build.0 = Release|Any CPU
		{6A566E20-1BB9-48B4-B4FF-403A2BB53A4D}.Debug|Any CPU.ActiveCfg = Debug|Any CPU
		{6A566E20-1BB9-48B4-B4FF-403A2BB53A4D}.Debug|Any CPU.Build.0 = Debug|Any CPU
		{6A566E20-1BB9-48B4-B4FF-403A2BB53A4D}.Release|Any CPU.ActiveCfg = Release|Any CPU
		{6A566E20-1BB9-48B4-B4FF-403A2BB53A4D}.Release|Any CPU.Build.0 = Release|Any CPU
		{344C24DD-8567-4CA3-AF0A-B1CF1B77D881}.Debug|Any CPU.ActiveCfg = Debug|Any CPU
		{344C24DD-8567-4CA3-AF0A-B1CF1B77D881}.Debug|Any CPU.Build.0 = Debug|Any CPU
		{344C24DD-8567-4CA3-AF0A-B1CF1B77D881}.Release|Any CPU.ActiveCfg = Release|Any CPU
		{344C24DD-8567-4CA3-AF0A-B1CF1B77D881}.Release|Any CPU.Build.0 = Release|Any CPU
		{480E8BAB-C96F-4996-8F1C-BB1371964FF9}.Debug|Any CPU.ActiveCfg = Debug|Any CPU
		{480E8BAB-C96F-4996-8F1C-BB1371964FF9}.Debug|Any CPU.Build.0 = Debug|Any CPU
		{480E8BAB-C96F-4996-8F1C-BB1371964FF9}.Release|Any CPU.ActiveCfg = Release|Any CPU
		{480E8BAB-C96F-4996-8F1C-BB1371964FF9}.Release|Any CPU.Build.0 = Release|Any CPU
		{FEC5433B-6BBD-48EF-A969-8D73DD9C727A}.Debug|Any CPU.ActiveCfg = Debug|Any CPU
		{FEC5433B-6BBD-48EF-A969-8D73DD9C727A}.Debug|Any CPU.Build.0 = Debug|Any CPU
		{FEC5433B-6BBD-48EF-A969-8D73DD9C727A}.Release|Any CPU.ActiveCfg = Release|Any CPU
		{FEC5433B-6BBD-48EF-A969-8D73DD9C727A}.Release|Any CPU.Build.0 = Release|Any CPU
		{14A57FA1-42B1-420C-A004-8AEE77303DDD}.Debug|Any CPU.ActiveCfg = Debug|Any CPU
		{14A57FA1-42B1-420C-A004-8AEE77303DDD}.Debug|Any CPU.Build.0 = Debug|Any CPU
		{14A57FA1-42B1-420C-A004-8AEE77303DDD}.Release|Any CPU.ActiveCfg = Release|Any CPU
		{14A57FA1-42B1-420C-A004-8AEE77303DDD}.Release|Any CPU.Build.0 = Release|Any CPU
		{2A12F84A-D009-44A1-B8C7-99C506503F96}.Debug|Any CPU.ActiveCfg = Debug|Any CPU
		{2A12F84A-D009-44A1-B8C7-99C506503F96}.Debug|Any CPU.Build.0 = Debug|Any CPU
		{2A12F84A-D009-44A1-B8C7-99C506503F96}.Release|Any CPU.ActiveCfg = Release|Any CPU
		{2A12F84A-D009-44A1-B8C7-99C506503F96}.Release|Any CPU.Build.0 = Release|Any CPU
		{8B9592D4-B04D-4705-B92E-5E3769C69A78}.Debug|Any CPU.ActiveCfg = Debug|Any CPU
		{8B9592D4-B04D-4705-B92E-5E3769C69A78}.Debug|Any CPU.Build.0 = Debug|Any CPU
		{8B9592D4-B04D-4705-B92E-5E3769C69A78}.Release|Any CPU.ActiveCfg = Release|Any CPU
		{8B9592D4-B04D-4705-B92E-5E3769C69A78}.Release|Any CPU.Build.0 = Release|Any CPU
	EndGlobalSection
	GlobalSection(SolutionProperties) = preSolution
		HideSolutionNode = FALSE
	EndGlobalSection
	GlobalSection(NestedProjects) = preSolution
		{3A0B7AA7-4373-4AC9-BADF-ECFDD63CDD73} = {742E3A55-2785-4C02-8D81-D2C1A786F264}
		{B474AE33-8447-4992-8EFB-5FFC32C30142} = {3A0B7AA7-4373-4AC9-BADF-ECFDD63CDD73}
		{75511974-0DB9-4512-9006-D57CA7BC0842} = {B474AE33-8447-4992-8EFB-5FFC32C30142}
		{398E9508-4EFD-4FD2-993B-AE6C6DB83B23} = {155EC608-2938-4834-9E24-8B5022884120}
		{FA15B36D-B38F-4E7B-8727-EC844EC4C8F6} = {3A0B7AA7-4373-4AC9-BADF-ECFDD63CDD73}
		{49EFE6BC-1302-455A-A1D0-A726CBF4056F} = {3A0B7AA7-4373-4AC9-BADF-ECFDD63CDD73}
		{8D47066C-4E26-4D22-A532-261606863144} = {8E790D1C-7697-4E65-A93A-3C887C2B6C37}
		{6069D71E-E5BE-4EB2-9AA4-E4BE6EC65869} = {D2E8B67C-75DC-4B74-B3D8-1A39B88BDBD2}
		{93E6664E-0E5C-4153-8B40-8B8C468DA597} = {8E790D1C-7697-4E65-A93A-3C887C2B6C37}
		{7E4A8D6B-3493-42D7-B442-9A5AABDD86FF} = {155EC608-2938-4834-9E24-8B5022884120}
		{61BEAB57-E5D2-469C-BC33-598D94459783} = {7E4A8D6B-3493-42D7-B442-9A5AABDD86FF}
		{FF38DC14-B7AE-473C-9A01-3789FE4FC81A} = {7E4A8D6B-3493-42D7-B442-9A5AABDD86FF}
		{751EC7F0-7C7E-473A-9F1F-E79E6B9F2AD3} = {6DEDC779-8A13-4F39-9E92-F91EE82AECF9}
		{88FCACF7-6421-47F2-94C8-B921D1AC931A} = {9B70E716-B1FC-4D2E-8536-98EE63699480}
		{A4D0C21E-ED23-424F-A347-4829B9EF15B6} = {9B70E716-B1FC-4D2E-8536-98EE63699480}
		{B1B4318C-66D0-4768-85FE-D3777007CF39} = {9B70E716-B1FC-4D2E-8536-98EE63699480}
		{9C431F49-C920-4F9C-92E0-27E1F9BC2A56} = {96CD7428-2D69-4D58-B5D2-56F1281EA969}
		{E76E691F-6BF4-470A-838A-7882295490AC} = {9C431F49-C920-4F9C-92E0-27E1F9BC2A56}
		{7266E0A7-7010-4E97-8B0D-D16C424982E2} = {9C431F49-C920-4F9C-92E0-27E1F9BC2A56}
		{BE9BE583-C1E3-47D3-AD55-05CF6050E9E5} = {D2E8B67C-75DC-4B74-B3D8-1A39B88BDBD2}
		{09FF7D2D-47B2-42B4-89BC-335AFEFEEC0C} = {A30A0C68-7935-47DC-8F99-5D9CCD897A7B}
		{634722D1-A65B-4F75-9DFC-8AF76D0E680A} = {9B70E716-B1FC-4D2E-8536-98EE63699480}
		{8D7AEB64-5B1D-484E-AAE8-DFCE98AD7B35} = {9B70E716-B1FC-4D2E-8536-98EE63699480}
		{FBDFB7F7-FD6F-4D08-9EA0-C64B7DED113E} = {9B70E716-B1FC-4D2E-8536-98EE63699480}
		{38C27C57-3AE3-49B7-B346-3BFE0DDC6722} = {9B70E716-B1FC-4D2E-8536-98EE63699480}
		{B7D8CEB2-21D3-4EFE-9474-C000FD9BC2E9} = {9B70E716-B1FC-4D2E-8536-98EE63699480}
		{46124270-B87D-444F-AE14-82FCAC5320D1} = {9B70E716-B1FC-4D2E-8536-98EE63699480}
		{0A430651-75E3-4DFC-8EFD-8F8B0EE57926} = {A30A0C68-7935-47DC-8F99-5D9CCD897A7B}
		{9D7E4B47-A152-49E5-A09C-3B5D90CBFF14} = {09FF7D2D-47B2-42B4-89BC-335AFEFEEC0C}
		{6A566E20-1BB9-48B4-B4FF-403A2BB53A4D} = {09FF7D2D-47B2-42B4-89BC-335AFEFEEC0C}
		{344C24DD-8567-4CA3-AF0A-B1CF1B77D881} = {0A430651-75E3-4DFC-8EFD-8F8B0EE57926}
		{480E8BAB-C96F-4996-8F1C-BB1371964FF9} = {0A430651-75E3-4DFC-8EFD-8F8B0EE57926}
		{FEC5433B-6BBD-48EF-A969-8D73DD9C727A} = {9B70E716-B1FC-4D2E-8536-98EE63699480}
		{14A57FA1-42B1-420C-A004-8AEE77303DDD} = {9B70E716-B1FC-4D2E-8536-98EE63699480}
		{953A5BDA-AEB4-4E36-AD5A-B6AD2E9CA853} = {FA1B6CF3-CBCB-4120-A017-B0E0E4103F62}
		{2A12F84A-D009-44A1-B8C7-99C506503F96} = {953A5BDA-AEB4-4E36-AD5A-B6AD2E9CA853}
		{8B9592D4-B04D-4705-B92E-5E3769C69A78} = {155EC608-2938-4834-9E24-8B5022884120}
	EndGlobalSection
	GlobalSection(ExtensibilityGlobals) = postSolution
		SolutionGuid = {39DE7AC1-C284-40C6-80FF-58EC555767A0}
	EndGlobalSection
EndGlobal
